<?xml version="1.0" encoding="utf-8"?>
<Project ToolsVersion="4.0" xmlns="http://schemas.microsoft.com/developer/msbuild/2003">
  <ItemGroup>
    <Filter Include="win32">
      <UniqueIdentifier>{84a8ebd7-7cf0-47f6-b75e-d441df67da40}</UniqueIdentifier>
    </Filter>
    <Filter Include="resource">
      <UniqueIdentifier>{715254bc-d70b-4ec5-bf29-467dd3ace079}</UniqueIdentifier>
    </Filter>
    <Filter Include="src">
      <UniqueIdentifier>{bb6c862e-70e9-49d9-81b7-3829a6f50471}</UniqueIdentifier>
    </Filter>
    <Filter Include="src\Manager">
      <UniqueIdentifier>{b0b0426c-34c2-45bc-ad82-4e9d98f70276}</UniqueIdentifier>
    </Filter>
    <Filter Include="src\UI">
      <UniqueIdentifier>{6791f458-7186-427e-98cb-070348784d24}</UniqueIdentifier>
    </Filter>
    <Filter Include="src\Entity">
      <UniqueIdentifier>{732c5ae6-6ad7-4afd-ab08-30eece5554e4}</UniqueIdentifier>
    </Filter>
    <Filter Include="src\Scenes">
      <UniqueIdentifier>{16adef79-7055-42de-97b4-0b4e6568f7ef}</UniqueIdentifier>
    </Filter>
    <Filter Include="src\Entity\Buildings">
      <UniqueIdentifier>{c8ee3c18-ed0b-421d-8be5-525d71bb4d05}</UniqueIdentifier>
    </Filter>
    <Filter Include="src\Entity\Troops">
      <UniqueIdentifier>{0d3c0e66-ea8a-4edb-9185-b2347e9f7e31}</UniqueIdentifier>
    </Filter>
    <Filter Include="src\Entity\Base">
      <UniqueIdentifier>{19595cfe-5218-40a6-8982-0e42dff716a1}</UniqueIdentifier>
    </Filter>
  </ItemGroup>
  <ItemGroup>
    <ClCompile Include="main.cpp">
      <Filter>win32</Filter>
    </ClCompile>
    <ClCompile Include="..\Classes\AppDelegate.cpp">
      <Filter>src</Filter>
    </ClCompile>
    <ClCompile Include="..\Classes\BattleManager.cpp">
      <Filter>src\Manager</Filter>
    </ClCompile>
    <ClCompile Include="..\Classes\LevelMapScene.cpp">
      <Filter>src\Scenes</Filter>
    </ClCompile>
    <ClCompile Include="..\Classes\BarracksUI.cpp">
      <Filter>src\UI</Filter>
    </ClCompile>
    <ClCompile Include="..\Classes\MenuBuilder.cpp">
      <Filter>src\UI</Filter>
    </ClCompile>
    <ClCompile Include="..\Classes\UpgradeTroopUI.cpp">
      <Filter>src\UI</Filter>
    </ClCompile>
    <ClCompile Include="..\Classes\Archer.cpp">
      <Filter>src\Entity\Troops</Filter>
    </ClCompile>
    <ClCompile Include="..\Classes\Barbarian.cpp">
      <Filter>src\Entity\Troops</Filter>
    </ClCompile>
    <ClCompile Include="..\Classes\Bomberman.cpp">
      <Filter>src\Entity\Troops</Filter>
    </ClCompile>
    <ClCompile Include="..\Classes\Dragon.cpp">
      <Filter>src\Entity\Troops</Filter>
    </ClCompile>
    <ClCompile Include="..\Classes\Giant.cpp">
      <Filter>src\Entity\Troops</Filter>
    </ClCompile>
    <ClCompile Include="..\Classes\Building.cpp">
      <Filter>src\Entity\Base</Filter>
    </ClCompile>
    <ClCompile Include="..\Classes\GameEntity.cpp">
      <Filter>src\Entity\Base</Filter>
    </ClCompile>
    <ClCompile Include="..\Classes\Troop.cpp">
      <Filter>src\Entity\Base</Filter>
    </ClCompile>
    <ClCompile Include="..\Classes\ArcherTower.cpp">
      <Filter>src\Entity\Buildings</Filter>
    </ClCompile>
    <ClCompile Include="..\Classes\Barracks.cpp">
      <Filter>src\Entity\Buildings</Filter>
    </ClCompile>
    <ClCompile Include="..\Classes\Cannon.cpp">
      <Filter>src\Entity\Buildings</Filter>
    </ClCompile>
    <ClCompile Include="..\Classes\ElixirCollector.cpp">
      <Filter>src\Entity\Buildings</Filter>
    </ClCompile>
    <ClCompile Include="..\Classes\ElixirStorage.cpp">
      <Filter>src\Entity\Buildings</Filter>
    </ClCompile>
    <ClCompile Include="..\Classes\GoldMine.cpp">
      <Filter>src\Entity\Buildings</Filter>
    </ClCompile>
    <ClCompile Include="..\Classes\GoldStorage.cpp">
      <Filter>src\Entity\Buildings</Filter>
    </ClCompile>
    <ClCompile Include="..\Classes\TownHall.cpp">
      <Filter>src\Entity\Buildings</Filter>
    </ClCompile>
    <ClCompile Include="..\Classes\Trap.cpp">
      <Filter>src\Entity\Buildings</Filter>
    </ClCompile>
    <ClCompile Include="..\Classes\Wall.cpp">
      <Filter>src\Entity\Buildings</Filter>
    </ClCompile>
    <ClCompile Include="..\Classes\GameUI.cpp">
      <Filter>src\UI</Filter>
    </ClCompile>
    <ClCompile Include="..\Classes\RecruitUI.cpp">
      <Filter>src\UI</Filter>
    </ClCompile>
    <ClCompile Include="..\Classes\BattleScene.cpp">
      <Filter>src\Scenes</Filter>
    </ClCompile>
    <ClCompile Include="..\Classes\MainModeScene.cpp">
      <Filter>src\Scenes</Filter>
    </ClCompile>
    <ClCompile Include="..\Classes\OpenScene.cpp">
      <Filter>src\Scenes</Filter>
    </ClCompile>
    <ClCompile Include="..\Classes\GameManager.cpp">
      <Filter>src\Manager</Filter>
    </ClCompile>
  </ItemGroup>
  <ItemGroup>
    <ClInclude Include="main.h">
      <Filter>win32</Filter>
    </ClInclude>
    <ClInclude Include="..\Classes\BattleManager.h">
      <Filter>src\Manager</Filter>
    </ClInclude>
    <ClInclude Include="..\Classes\LevelMapScene.h">
      <Filter>src\Scenes</Filter>
    </ClInclude>
    <ClInclude Include="..\Classes\GameUI.h">
      <Filter>src\UI</Filter>
    </ClInclude>
    <ClInclude Include="..\Classes\MenuBuilder.h">
      <Filter>src\UI</Filter>
    </ClInclude>
    <ClInclude Include="..\Classes\AppDelegate.h">
      <Filter>src</Filter>
    </ClInclude>
    <ClInclude Include="..\Classes\UpgradeTroopUI.h">
      <Filter>src\UI</Filter>
    </ClInclude>
    <ClInclude Include="..\Classes\Archer.h">
      <Filter>src\Entity\Troops</Filter>
    </ClInclude>
    <ClInclude Include="..\Classes\Barbarian.h">
      <Filter>src\Entity\Troops</Filter>
    </ClInclude>
    <ClInclude Include="..\Classes\Bomberman.h">
      <Filter>src\Entity\Troops</Filter>
    </ClInclude>
    <ClInclude Include="..\Classes\Dragon.h">
      <Filter>src\Entity\Troops</Filter>
    </ClInclude>
    <ClInclude Include="..\Classes\Giant.h">
      <Filter>src\Entity\Troops</Filter>
    </ClInclude>
    <ClInclude Include="..\Classes\Building.h">
      <Filter>src\Entity\Base</Filter>
    </ClInclude>
    <ClInclude Include="..\Classes\Troop.h">
      <Filter>src\Entity\Base</Filter>
    </ClInclude>
    <ClInclude Include="..\Classes\ArcherTower.h">
      <Filter>src\Entity\Buildings</Filter>
    </ClInclude>
    <ClInclude Include="..\Classes\Barracks.h">
      <Filter>src\Entity\Buildings</Filter>
    </ClInclude>
    <ClInclude Include="..\Classes\Cannon.h">
      <Filter>src\Entity\Buildings</Filter>
    </ClInclude>
    <ClInclude Include="..\Classes\ElixirCollector.h">
      <Filter>src\Entity\Buildings</Filter>
    </ClInclude>
    <ClInclude Include="..\Classes\ElixirStorage.h">
      <Filter>src\Entity\Buildings</Filter>
    </ClInclude>
    <ClInclude Include="..\Classes\GoldMine.h">
      <Filter>src\Entity\Buildings</Filter>
    </ClInclude>
    <ClInclude Include="..\Classes\GoldStorage.h">
      <Filter>src\Entity\Buildings</Filter>
    </ClInclude>
    <ClInclude Include="..\Classes\TownHall.h">
      <Filter>src\Entity\Buildings</Filter>
    </ClInclude>
    <ClInclude Include="..\Classes\Trap.h">
      <Filter>src\Entity\Buildings</Filter>
    </ClInclude>
    <ClInclude Include="..\Classes\Wall.h">
      <Filter>src\Entity\Buildings</Filter>
    </ClInclude>
    <ClInclude Include="..\Classes\BarracksUI.h">
      <Filter>src\UI</Filter>
    </ClInclude>
    <ClInclude Include="..\Classes\RecruitUI.h">
      <Filter>src\UI</Filter>
    </ClInclude>
    <ClInclude Include="..\Classes\BattleScene.h">
      <Filter>src\Scenes</Filter>
    </ClInclude>
    <ClInclude Include="..\Classes\MainModeScene.h">
      <Filter>src\Scenes</Filter>
    </ClInclude>
    <ClInclude Include="..\Classes\OpenScene.h">
      <Filter>src\Scenes</Filter>
    </ClInclude>
    <ClInclude Include="..\Classes\GameEntity.h">
      <Filter>src\Entity\Base</Filter>
    </ClInclude>
    <ClInclude Include="..\Classes\GameManager.h">
      <Filter>src\Manager</Filter>
    </ClInclude>
  </ItemGroup>
  <ItemGroup>
    <ResourceCompile Include="game.rc">
      <Filter>resource</Filter>
    </ResourceCompile>
  </ItemGroup>
</Project>